
Microsoft Visual Studio Solution File, Format Version 12.00
# Visual Studio Version 17
VisualStudioVersion = 17.4.33205.214
MinimumVisualStudioVersion = 10.0.40219.1
Project("{FAE04EC0-301F-11D3-BF4B-00C04F79EFBC}") = "DataViewer.Cli", "DataViewer.Cli\DataViewer.Cli.csproj", "{6170C010-A897-42AB-99CA-0B64C5B8301A}"
EndProject
Project("{2150E333-8FDC-42A3-9474-1A3956D46DE8}") = "parent", "parent", "{442AF9CC-8F02-4F8D-805D-A8321F16E32C}"
	ProjectSection(SolutionItems) = preProject
		..\..\.gitignore = ..\..\.gitignore
	EndProjectSection
EndProject
Global
	GlobalSection(SolutionConfigurationPlatforms) = preSolution
		Debug|Any CPU = Debug|Any CPU
		Release|Any CPU = Release|Any CPU
	EndGlobalSection
	GlobalSection(ProjectConfigurationPlatforms) = postSolution
		{6170C010-A897-42AB-99CA-0B64C5B8301A}.Debug|Any CPU.ActiveCfg = Debug|Any CPU
		{6170C010-A897-42AB-99CA-0B64C5B8301A}.Debug|Any CPU.Build.0 = Debug|Any CPU
		{6170C010-A897-42AB-99CA-0B64C5B8301A}.Release|Any CPU.ActiveCfg = Release|Any CPU
		{6170C010-A897-42AB-99CA-0B64C5B8301A}.Release|Any CPU.Build.0 = Release|Any CPU
	EndGlobalSection
	GlobalSection(SolutionProperties) = preSolution
		HideSolutionNode = FALSE
	EndGlobalSection
	GlobalSection(ExtensibilityGlobals) = postSolution
		SolutionGuid = {CED0CD1A-354B-4E49-851D-EDAA2B0F613E}
	EndGlobalSection
EndGlobal
